dependencies:
- name: postgresql
  repository: oci://registry-1.docker.io/bitnamicharts
  version: 18.6.10
- name: kafka
  repository: oci://registry-1.docker.io/bitnamicharts
  version: 32.4.3
- name: valkey
  repository: oci://registry-1.docker.io/bitnamicharts
  version: 6.0.4
- name: neo4j
  repository: https://helm.neo4j.com/neo4j
  version: 2026.7.1
digest: sha256:662cf4d3896d5d4bbfb27f30f0afcb0fcf6cac45e5f50d40f9132c8667e5327e
generated: "2026-09-03T17:17:35.948446641+02:00"
