dependencies:
- name: postgresql
  repository: oci://registry-1.docker.io/bitnamicharts
  version: 18.6.10
- name: kafka
  repository: oci://registry-1.docker.io/bitnamicharts
  version: 32.4.3
- name: valkey
  repository: oci://registry-1.docker.io/bitnamicharts
  version: 6.0.4
- name: neo4j
  repository: https://helm.neo4j.com/neo4j
  version: 5.26.26
digest: sha256:e88be9b30e1b5bd79ab9969c10f02a9cd581636366067643b1e61ef93a379f33
generated: "2026-05-31T23:30:02.778244309+02:00"
